{
  "lockfileVersion": 1,
  "configVersion": 1,
  "workspaces": {
    "": {
      "name": "@forgeax/contracts",
      "devDependencies": {
        "@types/bun": "^1.3.13",
        "typescript": "^5.6.3",
      },
    },
    "agent-runtime": {
      "name": "@forgeax/agent-runtime",
      "version": "0.1.0",
      "dependencies": {
        "@forgeax/types": "workspace:*",
      },
      "devDependencies": {
        "@types/bun": "^1.3.13",
        "typescript": "^5.6.3",
      },
    },
    "types": {
      "name": "@forgeax/types",
      "version": "0.1.0",
      "dependencies": {
        "zod": "^3.25.0",
        "zod-to-json-schema": "^3.25.0",
      },
      "devDependencies": {
        "@types/bun": "^1.3.13",
        "typescript": "^5.6.3",
      },
    },
  },
  "packages": {
    "@forgeax/agent-runtime": ["@forgeax/agent-runtime@workspace:agent-runtime"],

    "@forgeax/types": ["@forgeax/types@workspace:types"],

    "@types/bun": ["@types/bun@1.3.14", "https://registry.npmjs.org/@types/bun/-/bun-1.3.14.tgz", { "dependencies": { "bun-types": "1.3.14" } }, "sha512-h1hFqFVcvAvD9j9K7ZW7vd82aSA+rTdznZa+5bwvCwqSB1jmmfLcbIWhOLx1/+boy/xmjgCs/OMUL8hRJSmnPw=="],

    "@types/node": ["@types/node@26.0.1", "https://registry.npmjs.org/@types/node/-/node-26.0.1.tgz", { "dependencies": { "undici-types": "~8.3.0" } }, "sha512-fc3KiUoBt6kie0N9bIW3E47vZsuaMf0PM2AaUpLCLT0s/LvX1nxAim6Fc049cNxODPpGm6qRAuUOB86SkRuPQw=="],

    "bun-types": ["bun-types@1.3.14", "https://registry.npmjs.org/bun-types/-/bun-types-1.3.14.tgz", { "dependencies": { "@types/node": "*" } }, "sha512-4N0ig0fEomHt5R0KCFWjovxow98rIoRwKolrYdCcknNwMekCXRnWEUvgu5soYV8QXtVsrUD8B95MBOZGPvr6KQ=="],

    "typescript": ["typescript@5.9.3", "https://registry.npmjs.org/typescript/-/typescript-5.9.3.tgz", { "bin": { "tsc": "bin/tsc", "tsserver": "bin/tsserver" } }, "sha512-jl1vZzPDinLr9eUt3J/t7V6FgNEw9QjvBPdysz9KfQDD41fQrC2Y4vKQdiaUpFT4bXlb1RHhLpp8wtm6M5TgSw=="],

    "undici-types": ["undici-types@8.3.0", "https://registry.npmjs.org/undici-types/-/undici-types-8.3.0.tgz", {}, "sha512-j375ScV60dom+YkPFIfTLcOiPxkN/buHz5GobjLhixFuANaNs3C9l4GmrWqejgXWJ7BbJcFYpTEUkS1Ge8bpZQ=="],

    "zod": ["zod@3.25.76", "https://registry.npmjs.org/zod/-/zod-3.25.76.tgz", {}, "sha512-gzUt/qt81nXsFGKIFcC3YnfEAx5NkunCfnDlvuBSSFS02bcXu4Lmea0AFIUwbLWxWPx3d9p8S5QoaujKcNQxcQ=="],

    "zod-to-json-schema": ["zod-to-json-schema@3.25.2", "https://registry.npmjs.org/zod-to-json-schema/-/zod-to-json-schema-3.25.2.tgz", { "peerDependencies": { "zod": "^3.25.28 || ^4" } }, "sha512-O/PgfnpT1xKSDeQYSCfRI5Gy3hPf91mKVDuYLUHZJMiDFptvP41MSnWofm8dnCm0256ZNfZIM7DSzuSMAFnjHA=="],
  }
}
